
Microsoft Visual Studio Solution File, Format Version 12.00
# Visual Studio Version 17
VisualStudioVersion = 17.12.35527.113 d17.12
MinimumVisualStudioVersion = 10.0.40219.1
Project("{FAE04EC0-301F-11D3-BF4B-00C04F79EFBC}") = "PuissanceQuatre", "PuissanceQuatre\PuissanceQuatre.csproj", "{7301DFD8-78AB-4739-869F-D074465EB0C3}"
EndProject
Project("{FAE04EC0-301F-11D3-BF4B-00C04F79EFBC}") = "PuissanceQuatre.Tests", "PuissanceQuatre.Tests\PuissanceQuatre.Tests.csproj", "{D19791DE-1B55-4871-8A35-EF8BE8AC1026}"
EndProject
Global
	GlobalSection(SolutionConfigurationPlatforms) = preSolution
		Debug|Any CPU = Debug|Any CPU
		Release|Any CPU = Release|Any CPU
	EndGlobalSection
	GlobalSection(ProjectConfigurationPlatforms) = postSolution
		{7301DFD8-78AB-4739-869F-D074465EB0C3}.Debug|Any CPU.ActiveCfg = Debug|Any CPU
		{7301DFD8-78AB-4739-869F-D074465EB0C3}.Debug|Any CPU.Build.0 = Debug|Any CPU
		{7301DFD8-78AB-4739-869F-D074465EB0C3}.Release|Any CPU.ActiveCfg = Release|Any CPU
		{7301DFD8-78AB-4739-869F-D074465EB0C3}.Release|Any CPU.Build.0 = Release|Any CPU
		{D19791DE-1B55-4871-8A35-EF8BE8AC1026}.Debug|Any CPU.ActiveCfg = Debug|Any CPU
		{D19791DE-1B55-4871-8A35-EF8BE8AC1026}.Debug|Any CPU.Build.0 = Debug|Any CPU
		{D19791DE-1B55-4871-8A35-EF8BE8AC1026}.Release|Any CPU.ActiveCfg = Release|Any CPU
		{D19791DE-1B55-4871-8A35-EF8BE8AC1026}.Release|Any CPU.Build.0 = Release|Any CPU
	EndGlobalSection
	GlobalSection(SolutionProperties) = preSolution
		HideSolutionNode = FALSE
	EndGlobalSection
EndGlobal
